
Microsoft Visual Studio Solution File, Format Version 12.00
# Visual Studio 15
VisualStudioVersion = 15.0.26430.13
MinimumVisualStudioVersion = 10.0.40219.1
Project("{FAE04EC0-301F-11D3-BF4B-00C04F79EFBC}") = "WebApp", "WebApp\WebApp.csproj", "{506DB3BD-D773-484B-8371-09A85D7263E0}"
EndProject
Project("{FAE04EC0-301F-11D3-BF4B-00C04F79EFBC}") = "WcfService", "WcfService\WcfService.csproj", "{B01D1B57-43CC-4D42-B47A-9EF7E49DB1DB}"
EndProject
Project("{FAE04EC0-301F-11D3-BF4B-00C04F79EFBC}") = "Data", "Data\Data.csproj", "{04B3EB6B-B573-4492-B471-455505984AFC}"
EndProject
Global
	GlobalSection(SolutionConfigurationPlatforms) = preSolution
		Debug|Any CPU = Debug|Any CPU
		Debug|ARM = Debug|ARM
		Debug|x64 = Debug|x64
		Debug|x86 = Debug|x86
		Release|Any CPU = Release|Any CPU
		Release|ARM = Release|ARM
		Release|x64 = Release|x64
		Release|x86 = Release|x86
	EndGlobalSection
	GlobalSection(ProjectConfigurationPlatforms) = postSolution
		{506DB3BD-D773-484B-8371-09A85D7263E0}.Debug|Any CPU.ActiveCfg = Debug|Any CPU
		{506DB3BD-D773-484B-8371-09A85D7263E0}.Debug|Any CPU.Build.0 = Debug|Any CPU
		{506DB3BD-D773-484B-8371-09A85D7263E0}.Debug|ARM.ActiveCfg = Debug|Any CPU
		{506DB3BD-D773-484B-8371-09A85D7263E0}.Debug|ARM.Build.0 = Debug|Any CPU
		{506DB3BD-D773-484B-8371-09A85D7263E0}.Debug|x64.ActiveCfg = Debug|Any CPU
		{506DB3BD-D773-484B-8371-09A85D7263E0}.Debug|x64.Build.0 = Debug|Any CPU
		{506DB3BD-D773-484B-8371-09A85D7263E0}.Debug|x86.ActiveCfg = Debug|Any CPU
		{506DB3BD-D773-484B-8371-09A85D7263E0}.Debug|x86.Build.0 = Debug|Any CPU
		{506DB3BD-D773-484B-8371-09A85D7263E0}.Release|Any CPU.ActiveCfg = Release|Any CPU
		{506DB3BD-D773-484B-8371-09A85D7263E0}.Release|Any CPU.Build.0 = Release|Any CPU
		{506DB3BD-D773-484B-8371-09A85D7263E0}.Release|ARM.ActiveCfg = Release|Any CPU
		{506DB3BD-D773-484B-8371-09A85D7263E0}.Release|ARM.Build.0 = Release|Any CPU
		{506DB3BD-D773-484B-8371-09A85D7263E0}.Release|x64.ActiveCfg = Release|Any CPU
		{506DB3BD-D773-484B-8371-09A85D7263E0}.Release|x64.Build.0 = Release|Any CPU
		{506DB3BD-D773-484B-8371-09A85D7263E0}.Release|x86.ActiveCfg = Release|Any CPU
		{506DB3BD-D773-484B-8371-09A85D7263E0}.Release|x86.Build.0 = Release|Any CPU
		{B01D1B57-43CC-4D42-B47A-9EF7E49DB1DB}.Debug|Any CPU.ActiveCfg = Debug|Any CPU
		{B01D1B57-43CC-4D42-B47A-9EF7E49DB1DB}.Debug|Any CPU.Build.0 = Debug|Any CPU
		{B01D1B57-43CC-4D42-B47A-9EF7E49DB1DB}.Debug|ARM.ActiveCfg = Debug|Any CPU
		{B01D1B57-43CC-4D42-B47A-9EF7E49DB1DB}.Debug|ARM.Build.0 = Debug|Any CPU
		{B01D1B57-43CC-4D42-B47A-9EF7E49DB1DB}.Debug|x64.ActiveCfg = Debug|Any CPU
		{B01D1B57-43CC-4D42-B47A-9EF7E49DB1DB}.Debug|x64.Build.0 = Debug|Any CPU
		{B01D1B57-43CC-4D42-B47A-9EF7E49DB1DB}.Debug|x86.ActiveCfg = Debug|Any CPU
		{B01D1B57-43CC-4D42-B47A-9EF7E49DB1DB}.Debug|x86.Build.0 = Debug|Any CPU
		{B01D1B57-43CC-4D42-B47A-9EF7E49DB1DB}.Release|Any CPU.ActiveCfg = Release|Any CPU
		{B01D1B57-43CC-4D42-B47A-9EF7E49DB1DB}.Release|Any CPU.Build.0 = Release|Any CPU
		{B01D1B57-43CC-4D42-B47A-9EF7E49DB1DB}.Release|ARM.ActiveCfg = Release|Any CPU
		{B01D1B57-43CC-4D42-B47A-9EF7E49DB1DB}.Release|ARM.Build.0 = Release|Any CPU
		{B01D1B57-43CC-4D42-B47A-9EF7E49DB1DB}.Release|x64.ActiveCfg = Release|Any CPU
		{B01D1B57-43CC-4D42-B47A-9EF7E49DB1DB}.Release|x64.Build.0 = Release|Any CPU
		{B01D1B57-43CC-4D42-B47A-9EF7E49DB1DB}.Release|x86.ActiveCfg = Release|Any CPU
		{B01D1B57-43CC-4D42-B47A-9EF7E49DB1DB}.Release|x86.Build.0 = Release|Any CPU
		{04B3EB6B-B573-4492-B471-455505984AFC}.Debug|Any CPU.ActiveCfg = Debug|Any CPU
		{04B3EB6B-B573-4492-B471-455505984AFC}.Debug|Any CPU.Build.0 = Debug|Any CPU
		{04B3EB6B-B573-4492-B471-455505984AFC}.Debug|ARM.ActiveCfg = Debug|Any CPU
		{04B3EB6B-B573-4492-B471-455505984AFC}.Debug|ARM.Build.0 = Debug|Any CPU
		{04B3EB6B-B573-4492-B471-455505984AFC}.Debug|x64.ActiveCfg = Debug|Any CPU
		{04B3EB6B-B573-4492-B471-455505984AFC}.Debug|x64.Build.0 = Debug|Any CPU
		{04B3EB6B-B573-4492-B471-455505984AFC}.Debug|x86.ActiveCfg = Debug|Any CPU
		{04B3EB6B-B573-4492-B471-455505984AFC}.Debug|x86.Build.0 = Debug|Any CPU
		{04B3EB6B-B573-4492-B471-455505984AFC}.Release|Any CPU.ActiveCfg = Release|Any CPU
		{04B3EB6B-B573-4492-B471-455505984AFC}.Release|Any CPU.Build.0 = Release|Any CPU
		{04B3EB6B-B573-4492-B471-455505984AFC}.Release|ARM.ActiveCfg = Release|Any CPU
		{04B3EB6B-B573-4492-B471-455505984AFC}.Release|ARM.Build.0 = Release|Any CPU
		{04B3EB6B-B573-4492-B471-455505984AFC}.Release|x64.ActiveCfg = Release|Any CPU
		{04B3EB6B-B573-4492-B471-455505984AFC}.Release|x64.Build.0 = Release|Any CPU
		{04B3EB6B-B573-4492-B471-455505984AFC}.Release|x86.ActiveCfg = Release|Any CPU
		{04B3EB6B-B573-4492-B471-455505984AFC}.Release|x86.Build.0 = Release|Any CPU
	EndGlobalSection
	GlobalSection(SolutionProperties) = preSolution
		HideSolutionNode = FALSE
	EndGlobalSection
EndGlobal
